Microsoft Visual Studio Solution File, Format Version 11.00
# Visual C# Express 2010
Project("{FAE04EC0-301F-11D3-BF4B-00C04F79EFBC}") = "TestApp", "TestApp.csproj", "{F2A90A07-7656-438D-9FF6-D2B2C97DFCFB}"
	ProjectSection(ProjectDependencies) = postProject
		{2E76EE7A-85C6-40CE-9CF6-EAC7026FC3C1} = {2E76EE7A-85C6-40CE-9CF6-EAC7026FC3C1}
		{2E76EE7A-85C6-40CE-9CF6-EAC7026FC3C1} = {2E76EE7A-85C6-40CE-9CF6-EAC7026FC3C1}
	EndProjectSection
EndProject
Project("{FAE04EC0-301F-11D3-BF4B-00C04F79EFBC}") = "SpriteCanvas", "SpriteCanvas\SpriteCanvas.csproj", "{2E76EE7A-85C6-40CE-9CF6-EAC7026FC3C1}"
EndProject
Project("{FAE04EC0-301F-11D3-BF4B-00C04F79EFBC}") = "SpriteWorld", "SpriteWorld\SpriteWorld.csproj", "{A4C46C30-912E-4FBB-A1DC-C847158A9AEE}"
EndProject
Global
	GlobalSection(SolutionConfigurationPlatforms) = preSolution
		Debug|Any CPU = Debug|Any CPU
		Release|Any CPU = Release|Any CPU
	EndGlobalSection
	GlobalSection(ProjectConfigurationPlatforms) = postSolution
		{F2A90A07-7656-438D-9FF6-D2B2C97DFCFB}.Debug|Any CPU.ActiveCfg = Debug|Any CPU
		{F2A90A07-7656-438D-9FF6-D2B2C97DFCFB}.Debug|Any CPU.Build.0 = Debug|Any CPU
		{F2A90A07-7656-438D-9FF6-D2B2C97DFCFB}.Release|Any CPU.ActiveCfg = Release|Any CPU
		{F2A90A07-7656-438D-9FF6-D2B2C97DFCFB}.Release|Any CPU.Build.0 = Release|Any CPU
		{2E76EE7A-85C6-40CE-9CF6-EAC7026FC3C1}.Debug|Any CPU.ActiveCfg = Debug|Any CPU
		{2E76EE7A-85C6-40CE-9CF6-EAC7026FC3C1}.Debug|Any CPU.Build.0 = Debug|Any CPU
		{2E76EE7A-85C6-40CE-9CF6-EAC7026FC3C1}.Release|Any CPU.ActiveCfg = Release|Any CPU
		{2E76EE7A-85C6-40CE-9CF6-EAC7026FC3C1}.Release|Any CPU.Build.0 = Release|Any CPU
		{A4C46C30-912E-4FBB-A1DC-C847158A9AEE}.Debug|Any CPU.ActiveCfg = Debug|Any CPU
		{A4C46C30-912E-4FBB-A1DC-C847158A9AEE}.Debug|Any CPU.Build.0 = Debug|Any CPU
		{A4C46C30-912E-4FBB-A1DC-C847158A9AEE}.Release|Any CPU.ActiveCfg = Release|Any CPU
		{A4C46C30-912E-4FBB-A1DC-C847158A9AEE}.Release|Any CPU.Build.0 = Release|Any CPU
	EndGlobalSection
	GlobalSection(SolutionProperties) = preSolution
		HideSolutionNode = FALSE
	EndGlobalSection
EndGlobal
